// !$*UTF8*$!
{
	archiveVersion = 1;
	classes = {
	};
	objectVersion = 77;
	objects = {

/* Begin PBXContainerItemProxy section */
		EEAF439A2F3D8EC6003C0420 /* PBXContainerItemProxy */ = {
			isa = PBXContainerItemProxy;
			containerPortal = EEAF43812F3D8EC4003C0420 /* Project object */;
			proxyType = 1;
			remoteGlobalIDString = EEAF43882F3D8EC4003C0420;
			remoteInfo = iosTesting;
		};
		EEAF43A42F3D8EC6003C0420 /* PBXContainerItemProxy */ = {
			isa = PBXContainerItemProxy;
			containerPortal = EEAF43812F3D8EC4003C0420 /* Project object */;
			proxyType = 1;
			remoteGlobalIDString = EEAF43882F3D8EC4003C0420;
			remoteInfo = iosTesting;
		};
/* End PBXContainerItemProxy section */

/* Begin PBXFileReference section */
		EEAF43892F3D8EC4003C0420 /* iosTesting.app */ = {isa = PBXFileReference; explicitFileType = wrapper.application; includeInIndex = 0; path = iosTesting.app; sourceTree = BUILT_PRODUCTS_DIR; };
		EEAF43992F3D8EC6003C0420 /* iosTestingTests.xctest */ = {isa = PBXFileReference; explicitFileType = wrapper.cfbundle; includeInIndex = 0; path = iosTestingTests.xctest; sourceTree = BUILT_PRODUCTS_DIR; };
		EEAF43A32F3D8EC6003C0420 /* iosTestingUITests.xctest */ = {isa = PBXFileReference; explicitFileType = wrapper.cfbundle; includeInIndex = 0; path = iosTestingUITests.xctest; sourceTree = BUILT_PRODUCTS_DIR; };
/* End PBXFileReference section */

/* Begin PBXFileSystemSynchronizedBuildFileExceptionSet section */
		EEAF43C92F3DB07A003C0420 /* Exceptions for "iosTesting" folder in "iosTesting" target */ = {
			isa = PBXFileSystemSynchronizedBuildFileExceptionSet;
			membershipExceptions = (
				Info.plist,
			);
			target = EEAF43882F3D8EC4003C0420 /* iosTesting */;
		};
/* End PBXFileSystemSynchronizedBuildFileExceptionSet section */

/* Begin PBXFileSystemSynchronizedRootGroup section */
		EEAF438B2F3D8EC4003C0420 /* iosTesting */ = {
			isa = PBXFileSystemSynchronizedRootGroup;
			exceptions = (
				EEAF43C92F3DB07A003C0420 /* Exceptions for "iosTesting" folder in "iosTesting" target */,
			);
			path = iosTesting;
			sourceTree = "<group>";
		};
		EEAF439C2F3D8EC6003C0420 /* iosTestingTests */ = {
			isa = PBXFileSystemSynchronizedRootGroup;
			path = iosTestingTests;
			sourceTree = "<group>";
		};
		EEAF43A62F3D8EC6003C0420 /* iosTestingUITests */ = {
			isa = PBXFileSystemSynchronizedRootGroup;
			path = iosTestingUITests;
			sourceTree = "<group>";
		};
/* End PBXFileSystemSynchronizedRootGroup section */

/* Begin PBXFrameworksBuildPhase section */
		EEAF43862F3D8EC4003C0420 /* Frameworks */ = {
			isa = PBXFrameworksBuildPhase;
			buildActionMask = 2147483647;
			files = (
			);
			runOnlyForDeploymentPostprocessing = 0;
		};
		EEAF43962F3D8EC6003C0420 /* Frameworks */ = {
			isa = PBXFrameworksBuildPhase;
			buildActionMask = 2147483647;
			files = (
			);
			runOnlyForDeploymentPostprocessing = 0;
		};
		EEAF43A02F3D8EC6003C0420 /* Frameworks */ = {
			isa = PBXFrameworksBuildPhase;
			buildActionMask = 2147483647;
			files = (
			);
			runOnlyForDeploymentPostprocessing = 0;
		};
/* End PBXFrameworksBuildPhase section */

/* Begin PBXGroup section */
		EEAF43802F3D8EC4003C0420 = {
			isa = PBXGroup;
			children = (
				EEAF438B2F3D8EC4003C0420 /* iosTesting */,
				EEAF439C2F3D8EC6003C0420 /* iosTestingTests */,
				EEAF43A62F3D8EC6003C0420 /* iosTestingUITests */,
				EEAF438A2F3D8EC4003C0420 /* Products */,
			);
			sourceTree = "<group>";
		};
		EEAF438A2F3D8EC4003C0420 /* Products */ = {
			isa = PBXGroup;
			children = (
				EEAF43892F3D8EC4003C0420 /* iosTesting.app */,
				EEAF43992F3D8EC6003C0420 /* iosTestingTests.xctest */,
				EEAF43A32F3D8EC6003C0420 /* iosTestingUITests.xctest */,
			);
			name = Products;
			sourceTree = "<group>";
		};
/* End PBXGroup section */

/* Begin PBXNativeTarget section */
		EEAF43882F3D8EC4003C0420 /* iosTesting */ = {
			isa = PBXNativeTarget;
			buildConfigurationList = EEAF43AD2F3D8EC6003C0420 /* Build configuration list for PBXNativeTarget "iosTesting" */;
			buildPhases = (
				EEAF43C52F3D8FE8003C0420 /* ShellScript */,
				EEAF43852F3D8EC4003C0420 /* Sources */,
				EEAF43862F3D8EC4003C0420 /* Frameworks */,
				EEAF43872F3D8EC4003C0420 /* Resources */,
			);
			buildRules = (
			);
			dependencies = (
			);
			fileSystemSynchronizedGroups = (
				EEAF438B2F3D8EC4003C0420 /* iosTesting */,
			);
			name = iosTesting;
			packageProductDependencies = (
			);
			productName = iosTesting;
			productReference = EEAF43892F3D8EC4003C0420 /* iosTesting.app */;
			productType = "com.apple.product-type.application";
		};
		EEAF43982F3D8EC6003C0420 /* iosTestingTests */ = {
			isa = PBXNativeTarget;
			buildConfigurationList = EEAF43B02F3D8EC6003C0420 /* Build configuration list for PBXNativeTarget "iosTestingTests" */;
			buildPhases = (
				EEAF43952F3D8EC6003C0420 /* Sources */,
				EEAF43962F3D8EC6003C0420 /* Frameworks */,
				EEAF43972F3D8EC6003C0420 /* Resources */,
			);
			buildRules = (
			);
			dependencies = (
				EEAF439B2F3D8EC6003C0420 /* PBXTargetDependency */,
			);
			fileSystemSynchronizedGroups = (
				EEAF439C2F3D8EC6003C0420 /* iosTestingTests */,
			);
			name = iosTestingTests;
			packageProductDependencies = (
			);
			productName = iosTestingTests;
			productReference = EEAF43992F3D8EC6003C0420 /* iosTestingTests.xctest */;
			productType = "com.apple.product-type.bundle.unit-test";
		};
		EEAF43A22F3D8EC6003C0420 /* iosTestingUITests */ = {
			isa = PBXNativeTarget;
			buildConfigurationList = EEAF43B32F3D8EC6003C0420 /* Build configuration list for PBXNativeTarget "iosTestingUITests" */;
			buildPhases = (
				EEAF439F2F3D8EC6003C0420 /* Sources */,
				EEAF43A02F3D8EC6003C0420 /* Frameworks */,
				EEAF43A12F3D8EC6003C0420 /* Resources */,
			);
			buildRules = (
			);
			dependencies = (
				EEAF43A52F3D8EC6003C0420 /* PBXTargetDependency */,
			);
			fileSystemSynchronizedGroups = (
				EEAF43A62F3D8EC6003C0420 /* iosTestingUITests */,
			);
			name = iosTestingUITests;
			packageProductDependencies = (
			);
			productName = iosTestingUITests;
			productReference = EEAF43A32F3D8EC6003C0420 /* iosTestingUITests.xctest */;
			productType = "com.apple.product-type.bundle.ui-testing";
		};
/* End PBXNativeTarget section */

/* Begin PBXProject section */
		EEAF43812F3D8EC4003C0420 /* Project object */ = {
			isa = PBXProject;
			attributes = {
				BuildIndependentTargetsInParallel = 1;
				LastSwiftUpdateCheck = 1610;
				LastUpgradeCheck = 1610;
				TargetAttributes = {
					EEAF43882F3D8EC4003C0420 = {
						CreatedOnToolsVersion = 16.1;
					};
					EEAF43982F3D8EC6003C0420 = {
						CreatedOnToolsVersion = 16.1;
						TestTargetID = EEAF43882F3D8EC4003C0420;
					};
					EEAF43A22F3D8EC6003C0420 = {
						CreatedOnToolsVersion = 16.1;
						TestTargetID = EEAF43882F3D8EC4003C0420;
					};
				};
			};
			buildConfigurationList = EEAF43842F3D8EC4003C0420 /* Build configuration list for PBXProject "iosTesting" */;
			developmentRegion = en;
			hasScannedForEncodings = 0;
			knownRegions = (
				en,
				Base,
			);
			mainGroup = EEAF43802F3D8EC4003C0420;
			minimizedProjectReferenceProxies = 1;
			preferredProjectObjectVersion = 77;
			productRefGroup = EEAF438A2F3D8EC4003C0420 /* Products */;
			projectDirPath = "";
			projectRoot = "";
			targets = (
				EEAF43882F3D8EC4003C0420 /* iosTesting */,
				EEAF43982F3D8EC6003C0420 /* iosTestingTests */,
				EEAF43A22F3D8EC6003C0420 /* iosTestingUITests */,
			);
		};
/* End PBXProject section */

/* Begin PBXResourcesBuildPhase section */
		EEAF43872F3D8EC4003C0420 /* Resources */ = {
			isa = PBXResourcesBuildPhase;
			buildActionMask = 2147483647;
			files = (
			);
			runOnlyForDeploymentPostprocessing = 0;
		};
		EEAF43972F3D8EC6003C0420 /* Resources */ = {
			isa = PBXResourcesBuildPhase;
			buildActionMask = 2147483647;
			files = (
			);
			runOnlyForDeploymentPostprocessing = 0;
		};
		EEAF43A12F3D8EC6003C0420 /* Resources */ = {
			isa = PBXResourcesBuildPhase;
			buildActionMask = 2147483647;
			files = (
			);
			runOnlyForDeploymentPostprocessing = 0;
		};
/* End PBXResourcesBuildPhase section */

/* Begin PBXShellScriptBuildPhase section */
		EEAF43C52F3D8FE8003C0420 /* ShellScript */ = {
			isa = PBXShellScriptBuildPhase;
			alwaysOutOfDate = 1;
			buildActionMask = 2147483647;
			files = (
			);
			inputFileListPaths = (
			);
			inputPaths = (
			);
			outputFileListPaths = (
			);
			outputPaths = (
			);
			runOnlyForDeploymentPostprocessing = 0;
			shellPath = /bin/sh;
			shellScript = "cd \"$SRCROOT/..\"\n./gradlew :shared:embedAndSignAppleFrameworkForXcode\n";
		};
/* End PBXShellScriptBuildPhase section */

/* Begin PBXSourcesBuildPhase section */
		EEAF43852F3D8EC4003C0420 /* Sources */ = {
			isa = PBXSourcesBuildPhase;
			buildActionMask = 2147483647;
			files = (
			);
			runOnlyForDeploymentPostprocessing = 0;
		};
		EEAF43952F3D8EC6003C0420 /* Sources */ = {
			isa = PBXSourcesBuildPhase;
			buildActionMask = 2147483647;
			files = (
			);
			runOnlyForDeploymentPostprocessing = 0;
		};
		EEAF439F2F3D8EC6003C0420 /* Sources */ = {
			isa = PBXSourcesBuildPhase;
			buildActionMask = 2147483647;
			files = (
			);
			runOnlyForDeploymentPostprocessing = 0;
		};
/* End PBXSourcesBuildPhase section */

/* Begin PBXTargetDependency section */
		EEAF439B2F3D8EC6003C0420 /* PBXTargetDependency */ = {
			isa = PBXTargetDependency;
			target = EEAF43882F3D8EC4003C0420 /* iosTesting */;
			targetProxy = EEAF439A2F3D8EC6003C0420 /* PBXContainerItemProxy */;
		};
		EEAF43A52F3D8EC6003C0420 /* PBXTargetDependency */ = {
			isa = PBXTargetDependency;
			target = EEAF43882F3D8EC4003C0420 /* iosTesting */;
			targetProxy = EEAF43A42F3D8EC6003C0420 /* PBXContainerItemProxy */;
		};
/* End PBXTargetDependency section */

/* Begin XCBuildConfiguration section */
		EEAF43AB2F3D8EC6003C0420 /* Debug */ = {
			isa = XCBuildConfiguration;
			buildSettings = {
				ALWAYS_SEARCH_USER_PATHS = NO;
				ASSETCATALOG_COMPILER_GENERATE_SWIFT_ASSET_SYMBOL_EXTENSIONS = YES;
				CLANG_ANALYZER_NONNULL = YES;
				CLANG_ANALYZER_NUMBER_OBJECT_CONVERSION = YES_AGGRESSIVE;
				CLANG_CXX_LANGUAGE_STANDARD = "gnu++20";
				CLANG_ENABLE_MODULES = YES;
				CLANG_ENABLE_OBJC_ARC = YES;
				CLANG_ENABLE_OBJC_WEAK = YES;
				CLANG_WARN_BLOCK_CAPTURE_AUTORELEASING = YES;
				CLANG_WARN_BOOL_CONVERSION = YES;
				CLANG_WARN_COMMA = YES;
				CLANG_WARN_CONSTANT_CONVERSION = YES;
				CLANG_WARN_DEPRECATED_OBJC_IMPLEMENTATIONS = YES;
				CLANG_WARN_DIRECT_OBJC_ISA_USAGE = YES_ERROR;
				CLANG_WARN_DOCUMENTATION_COMMENTS = YES;
				CLANG_WARN_EMPTY_BODY = YES;
				CLANG_WARN_ENUM_CONVERSION = YES;
				CLANG_WARN_INFINITE_RECURSION = YES;
				CLANG_WARN_INT_CONVERSION = YES;
				CLANG_WARN_NON_LITERAL_NULL_CONVERSION = YES;
				CLANG_WARN_OBJC_IMPLICIT_RETAIN_SELF = YES;
				CLANG_WARN_OBJC_LITERAL_CONVERSION = YES;
				CLANG_WARN_OBJC_ROOT_CLASS = YES_ERROR;
				CLANG_WARN_QUOTED_INCLUDE_IN_FRAMEWORK_HEADER = YES;
				CLANG_WARN_RANGE_LOOP_ANALYSIS = YES;
				CLANG_WARN_STRICT_PROTOTYPES = YES;
				CLANG_WARN_SUSPICIOUS_MOVE = YES;
				CLANG_WARN_UNGUARDED_AVAILABILITY = YES_AGGRESSIVE;
				CLANG_WARN_UNREACHABLE_CODE = YES;
				CLANG_WARN__DUPLICATE_METHOD_MATCH = YES;
				COPY_PHASE_STRIP = NO;
				DEBUG_INFORMATION_FORMAT = dwarf;
				ENABLE_STRICT_OBJC_MSGSEND = YES;
				ENABLE_TESTABILITY = YES;
				ENABLE_USER_SCRIPT_SANDBOXING = YES;
				GCC_C_LANGUAGE_STANDARD = gnu17;
				GCC_DYNAMIC_NO_PIC = NO;
				GCC_NO_COMMON_BLOCKS = YES;
				GCC_OPTIMIZATION_LEVEL = 0;
				GCC_PREPROCESSOR_DEFINITIONS = (
					"DEBUG=1",
					"$(inherited)",
				);
				GCC_WARN_64_TO_32_BIT_CONVERSION = YES;
				GCC_WARN_ABOUT_RETURN_TYPE = YES_ERROR;
				GCC_WARN_UNDECLARED_SELECTOR = YES;
				GCC_WARN_UNINITIALIZED_AUTOS = YES_AGGRESSIVE;
				GCC_WARN_UNUSED_FUNCTION = YES;
				GCC_WARN_UNUSED_VARIABLE = YES;
				IPHONEOS_DEPLOYMENT_TARGET = 18.1;
				LOCALIZATION_PREFERS_STRING_CATALOGS = YES;
				MTL_ENABLE_DEBUG_INFO = INCLUDE_SOURCE;
				MTL_FAST_MATH = YES;
				ONLY_ACTIVE_ARCH = YES;
				SDKROOT = iphoneos;
				SWIFT_ACTIVE_COMPILATION_CONDITIONS = "DEBUG $(inherited)";
				SWIFT_OPTIMIZATION_LEVEL = "-Onone";
			};
			name = Debug;
		};
		EEAF43AC2F3D8EC6003C0420 /* Release */ = {
			isa = XCBuildConfiguration;
			buildSettings = {
				ALWAYS_SEARCH_USER_PATHS = NO;
				ASSETCATALOG_COMPILER_GENERATE_SWIFT_ASSET_SYMBOL_EXTENSIONS = YES;
				CLANG_ANALYZER_NONNULL = YES;
				CLANG_ANALYZER_NUMBER_OBJECT_CONVERSION = YES_AGGRESSIVE;
				CLANG_CXX_LANGUAGE_STANDARD = "gnu++20";
				CLANG_ENABLE_MODULES = YES;
				CLANG_ENABLE_OBJC_ARC = YES;
				CLANG_ENABLE_OBJC_WEAK = YES;
				CLANG_WARN_BLOCK_CAPTURE_AUTORELEASING = YES;
				CLANG_WARN_BOOL_CONVERSION = YES;
				CLANG_WARN_COMMA = YES;
				CLANG_WARN_CONSTANT_CONVERSION = YES;
				CLANG_WARN_DEPRECATED_OBJC_IMPLEMENTATIONS = YES;
				CLANG_WARN_DIRECT_OBJC_ISA_USAGE = YES_ERROR;
				CLANG_WARN_DOCUMENTATION_COMMENTS = YES;
				CLANG_WARN_EMPTY_BODY = YES;
				CLANG_WARN_ENUM_CONVERSION = YES;
				CLANG_WARN_INFINITE_RECURSION = YES;
				CLANG_WARN_INT_CONVERSION = YES;
				CLANG_WARN_NON_LITERAL_NULL_CONVERSION = YES;
				CLANG_WARN_OBJC_IMPLICIT_RETAIN_SELF = YES;
				CLANG_WARN_OBJC_LITERAL_CONVERSION = YES;
				CLANG_WARN_OBJC_ROOT_CLASS = YES_ERROR;
				CLANG_WARN_QUOTED_INCLUDE_IN_FRAMEWORK_HEADER = YES;
				CLANG_WARN_RANGE_LOOP_ANALYSIS = YES;
				CLANG_WARN_STRICT_PROTOTYPES = YES;
				CLANG_WARN_SUSPICIOUS_MOVE = YES;
				CLANG_WARN_UNGUARDED_AVAILABILITY = YES_AGGRESSIVE;
				CLANG_WARN_UNREACHABLE_CODE = YES;
				CLANG_WARN__DUPLICATE_METHOD_MATCH = YES;
				COPY_PHASE_STRIP = NO;
				DEBUG_INFORMATION_FORMAT = "dwarf-with-dsym";
				ENABLE_NS_ASSERTIONS = NO;
				ENABLE_STRICT_OBJC_MSGSEND = YES;
				ENABLE_USER_SCRIPT_SANDBOXING = YES;
				GCC_C_LANGUAGE_STANDARD = gnu17;
				GCC_NO_COMMON_BLOCKS = YES;
				GCC_WARN_64_TO_32_BIT_CONVERSION = YES;
				GCC_WARN_ABOUT_RETURN_TYPE = YES_ERROR;
				GCC_WARN_UNDECLARED_SELECTOR = YES;
				GCC_WARN_UNINITIALIZED_AUTOS = YES_AGGRESSIVE;
				GCC_WARN_UNUSED_FUNCTION = YES;
				GCC_WARN_UNUSED_VARIABLE = YES;
				IPHONEOS_DEPLOYMENT_TARGET = 18.1;
				LOCALIZATION_PREFERS_STRING_CATALOGS = YES;
				MTL_ENABLE_DEBUG_INFO = NO;
				MTL_FAST_MATH = YES;
				SDKROOT = iphoneos;
				SWIFT_COMPILATION_MODE = wholemodule;
				VALIDATE_PRODUCT = YES;
			};
			name = Release;
		};
		EEAF43AE2F3D8EC6003C0420 /* Debug */ = {
			isa = XCBuildConfiguration;
			buildSettings = {
				ASSETCATALOG_COMPILER_APPICON_NAME = AppIcon;
				ASSETCATALOG_COMPILER_GLOBAL_ACCENT_COLOR_NAME = AccentColor;
				CODE_SIGN_STYLE = Automatic;
				CURRENT_PROJECT_VERSION = 1;
				DEVELOPMENT_ASSET_PATHS = "\"iosTesting/Preview Content\"";
				DEVELOPMENT_TEAM = 3J29YP53Q5;
				ENABLE_PREVIEWS = YES;
				ENABLE_USER_SCRIPT_SANDBOXING = NO;
				GENERATE_INFOPLIST_FILE = YES;
				INFOPLIST_FILE = iosTesting/Info.plist;
				INFOPLIST_KEY_CFBundleDisplayName = "";
				INFOPLIST_KEY_LSApplicationCategoryType = "";
				INFOPLIST_KEY_UIApplicationSceneManifest_Generation = YES;
				INFOPLIST_KEY_UIApplicationSupportsIndirectInputEvents = YES;
				INFOPLIST_KEY_UILaunchScreen_Generation = YES;
				INFOPLIST_KEY_UISupportedInterfaceOrientations_iPad = "UIInterfaceOrientationPortrait UIInterfaceOrientationPortraitUpsideDown UIInterfaceOrientationLandscapeLeft UIInterfaceOrientationLandscapeRight";
				INFOPLIST_KEY_UISupportedInterfaceOrientations_iPhone = "UIInterfaceOrientationPortrait UIInterfaceOrientationLandscapeLeft UIInterfaceOrientationLandscapeRight";
				LD_RUNPATH_SEARCH_PATHS = (
					"$(inherited)",
					"@executable_path/Frameworks",
				);
				MARKETING_VERSION = 1.0;
				PRODUCT_BUNDLE_IDENTIFIER = com.testing.iosTesting;
				PRODUCT_NAME = "$(TARGET_NAME)";
				SWIFT_EMIT_LOC_STRINGS = YES;
				SWIFT_VERSION = 5.0;
				TARGETED_DEVICE_FAMILY = "1,2";
				VALIDATE_PRODUCT = YES;
			};
			name = Debug;
		};
		EEAF43AF2F3D8EC6003C0420 /* Release */ = {
			isa = XCBuildConfiguration;
			buildSettings = {
				ASSETCATALOG_COMPILER_APPICON_NAME = AppIcon;
				ASSETCATALOG_COMPILER_GLOBAL_ACCENT_COLOR_NAME = AccentColor;
				CODE_SIGN_STYLE = Automatic;
				CURRENT_PROJECT_VERSION = 1;
				DEVELOPMENT_ASSET_PATHS = "\"iosTesting/Preview Content\"";
				DEVELOPMENT_TEAM = 3J29YP53Q5;
				ENABLE_PREVIEWS = YES;
				ENABLE_USER_SCRIPT_SANDBOXING = NO;
				GENERATE_INFOPLIST_FILE = YES;
				INFOPLIST_FILE = iosTesting/Info.plist;
				INFOPLIST_KEY_CFBundleDisplayName = "";
				INFOPLIST_KEY_LSApplicationCategoryType = "";
				INFOPLIST_KEY_UIApplicationSceneManifest_Generation = YES;
				INFOPLIST_KEY_UIApplicationSupportsIndirectInputEvents = YES;
				INFOPLIST_KEY_UILaunchScreen_Generation = YES;
				INFOPLIST_KEY_UISupportedInterfaceOrientations_iPad = "UIInterfaceOrientationPortrait UIInterfaceOrientationPortraitUpsideDown UIInterfaceOrientationLandscapeLeft UIInterfaceOrientationLandscapeRight";
				INFOPLIST_KEY_UISupportedInterfaceOrientations_iPhone = "UIInterfaceOrientationPortrait UIInterfaceOrientationLandscapeLeft UIInterfaceOrientationLandscapeRight";
				LD_RUNPATH_SEARCH_PATHS = (
					"$(inherited)",
					"@executable_path/Frameworks",
				);
				MARKETING_VERSION = 1.0;
				PRODUCT_BUNDLE_IDENTIFIER = com.testing.iosTesting;
				PRODUCT_NAME = "$(TARGET_NAME)";
				SWIFT_EMIT_LOC_STRINGS = YES;
				SWIFT_VERSION = 5.0;
				TARGETED_DEVICE_FAMILY = "1,2";
				VALIDATE_PRODUCT = YES;
			};
			name = Release;
		};
		EEAF43B12F3D8EC6003C0420 /* Debug */ = {
			isa = XCBuildConfiguration;
			buildSettings = {
				BUNDLE_LOADER = "$(TEST_HOST)";
				CODE_SIGN_STYLE = Automatic;
				CURRENT_PROJECT_VERSION = 1;
				GENERATE_INFOPLIST_FILE = YES;
				IPHONEOS_DEPLOYMENT_TARGET = 18.1;
				MARKETING_VERSION = 1.0;
				PRODUCT_BUNDLE_IDENTIFIER = com.testing.iosTestingTests;
				PRODUCT_NAME = "$(TARGET_NAME)";
				SWIFT_EMIT_LOC_STRINGS = NO;
				SWIFT_VERSION = 5.0;
				TARGETED_DEVICE_FAMILY = "1,2";
				TEST_HOST = "$(BUILT_PRODUCTS_DIR)/iosTesting.app/$(BUNDLE_EXECUTABLE_FOLDER_PATH)/iosTesting";
			};
			name = Debug;
		};
		EEAF43B22F3D8EC6003C0420 /* Release */ = {
			isa = XCBuildConfiguration;
			buildSettings = {
				BUNDLE_LOADER = "$(TEST_HOST)";
				CODE_SIGN_STYLE = Automatic;
				CURRENT_PROJECT_VERSION = 1;
				GENERATE_INFOPLIST_FILE = YES;
				IPHONEOS_DEPLOYMENT_TARGET = 18.1;
				MARKETING_VERSION = 1.0;
				PRODUCT_BUNDLE_IDENTIFIER = com.testing.iosTestingTests;
				PRODUCT_NAME = "$(TARGET_NAME)";
				SWIFT_EMIT_LOC_STRINGS = NO;
				SWIFT_VERSION = 5.0;
				TARGETED_DEVICE_FAMILY = "1,2";
				TEST_HOST = "$(BUILT_PRODUCTS_DIR)/iosTesting.app/$(BUNDLE_EXECUTABLE_FOLDER_PATH)/iosTesting";
			};
			name = Release;
		};
		EEAF43B42F3D8EC6003C0420 /* Debug */ = {
			isa = XCBuildConfiguration;
			buildSettings = {
				CODE_SIGN_STYLE = Automatic;
				CURRENT_PROJECT_VERSION = 1;
				GENERATE_INFOPLIST_FILE = YES;
				MARKETING_VERSION = 1.0;
				PRODUCT_BUNDLE_IDENTIFIER = com.testing.iosTestingUITests;
				PRODUCT_NAME = "$(TARGET_NAME)";
				SWIFT_EMIT_LOC_STRINGS = NO;
				SWIFT_VERSION = 5.0;
				TARGETED_DEVICE_FAMILY = "1,2";
				TEST_TARGET_NAME = iosTesting;
			};
			name = Debug;
		};
		EEAF43B52F3D8EC6003C0420 /* Release */ = {
			isa = XCBuildConfiguration;
			buildSettings = {
				CODE_SIGN_STYLE = Automatic;
				CURRENT_PROJECT_VERSION = 1;
				GENERATE_INFOPLIST_FILE = YES;
				MARKETING_VERSION = 1.0;
				PRODUCT_BUNDLE_IDENTIFIER = com.testing.iosTestingUITests;
				PRODUCT_NAME = "$(TARGET_NAME)";
				SWIFT_EMIT_LOC_STRINGS = NO;
				SWIFT_VERSION = 5.0;
				TARGETED_DEVICE_FAMILY = "1,2";
				TEST_TARGET_NAME = iosTesting;
			};
			name = Release;
		};
/* End XCBuildConfiguration section */

/* Begin XCConfigurationList section */
		EEAF43842F3D8EC4003C0420 /* Build configuration list for PBXProject "iosTesting" */ = {
			isa = XCConfigurationList;
			buildConfigurations = (
				EEAF43AB2F3D8EC6003C0420 /* Debug */,
				EEAF43AC2F3D8EC6003C0420 /* Release */,
			);
			defaultConfigurationIsVisible = 0;
			defaultConfigurationName = Release;
		};
		EEAF43AD2F3D8EC6003C0420 /* Build configuration list for PBXNativeTarget "iosTesting" */ = {
			isa = XCConfigurationList;
			buildConfigurations = (
				EEAF43AE2F3D8EC6003C0420 /* Debug */,
				EEAF43AF2F3D8EC6003C0420 /* Release */,
			);
			defaultConfigurationIsVisible = 0;
			defaultConfigurationName = Release;
		};
		EEAF43B02F3D8EC6003C0420 /* Build configuration list for PBXNativeTarget "iosTestingTests" */ = {
			isa = XCConfigurationList;
			buildConfigurations = (
				EEAF43B12F3D8EC6003C0420 /* Debug */,
				EEAF43B22F3D8EC6003C0420 /* Release */,
			);
			defaultConfigurationIsVisible = 0;
			defaultConfigurationName = Release;
		};
		EEAF43B32F3D8EC6003C0420 /* Build configuration list for PBXNativeTarget "iosTestingUITests" */ = {
			isa = XCConfigurationList;
			buildConfigurations = (
				EEAF43B42F3D8EC6003C0420 /* Debug */,
				EEAF43B52F3D8EC6003C0420 /* Release */,
			);
			defaultConfigurationIsVisible = 0;
			defaultConfigurationName = Release;
		};
/* End XCConfigurationList section */
	};
	rootObject = EEAF43812F3D8EC4003C0420 /* Project object */;
}
